# THIS IS AN AUTOGENERATED FILE. DO NOT EDIT THIS FILE DIRECTLY.
# yarn lockfile v1


"@solidstate/library@^0.0.1":
  version "0.0.1"
  resolved "https://registry.yarnpkg.com/@solidstate/library/-/library-0.0.1.tgz#e84a2afa0f8c703fc5dd4717013bebdba591a923"
  integrity sha512-rRRxUj5Inv2lBRtVaoZ4AsCuPFu45KV68TDfEynRE3Wv3/2ZSmJtXqvNCH3K5fZD8Yno55ksxRb8meoXktzpsg==
