{
  "name": "@solidstate/library",
  "version": "0.0.45",
  "lockfileVersion": 2,
  "requires": true,
  "packages": {
    "": {
      "name": "@solidstate/library",
      "version": "0.0.45",
      "license": "MIT",
      "dependencies": {
        "eth-permit": "^0.1.10"
      }
    },
    "node_modules/eth-permit": {
      "version": "0.1.10",
      "resolved": "https://registry.npmjs.org/eth-permit/-/eth-permit-0.1.10.tgz",
      "integrity": "sha512-cMAjWvGEaCQoWSlKWBqkBMQvhCtXzVlkTCnYBxGRsCxznbBZSiYuOsHpTAb4EerRwQJkRgwd3vPvcZh3OA7Siw==",
      "dependencies": {
        "utf8": "^3.0.0"
      }
    },
    "node_modules/utf8": {
      "version": "3.0.0",
      "resolved": "https://registry.npmjs.org/utf8/-/utf8-3.0.0.tgz",
      "integrity": "sha512-E8VjFIQ/TyQgp+TZfS6l8yp/xWppSAHzidGiRrqe4bK4XP9pTRyKFgGJpO3SN7zdX4DeomTrwaseCHovfpFcqQ=="
    }
  },
  "dependencies": {
    "eth-permit": {
      "version": "0.1.10",
      "resolved": "https://registry.npmjs.org/eth-permit/-/eth-permit-0.1.10.tgz",
      "integrity": "sha512-cMAjWvGEaCQoWSlKWBqkBMQvhCtXzVlkTCnYBxGRsCxznbBZSiYuOsHpTAb4EerRwQJkRgwd3vPvcZh3OA7Siw==",
      "requires": {
        "utf8": "^3.0.0"
      }
    },
    "utf8": {
      "version": "3.0.0",
      "resolved": "https://registry.npmjs.org/utf8/-/utf8-3.0.0.tgz",
      "integrity": "sha512-E8VjFIQ/TyQgp+TZfS6l8yp/xWppSAHzidGiRrqe4bK4XP9pTRyKFgGJpO3SN7zdX4DeomTrwaseCHovfpFcqQ=="
    }
  }
}
